# This file is autogenerated, do not edit; changes may be undone by the next 'dep ensure'.


[[projects]]
  branch = "master"
  digest = "1:1a200e7e73293b75eb8e5c93d023b5472663432da0b663e1532624fcfede9ca8"
  name = "github.com/anmitsu/go-shlex"
  packages = ["."]
  pruneopts = "UT"
  revision = "648efa622239a2f6ff949fed78ee37b48d499ba4"

[[projects]]
  branch = "master"
  digest = "1:215251d52d5d41d059af047ca0d3d3a988e55c2d3653b43b6a98a9325cf00331"
  name = "github.com/cretz/bine"
  packages = [
    "control",
    "process",
    "tor",
    "torutil",
    "torutil/ed25519",
    "torutil/ed25519/internal/edwards25519",
  ]
  pruneopts = "UT"
  revision = "5c62b5e9f6a4e2031560f1d2aac5d1666fa7c76e"

[[projects]]
  digest = "1:74d60c90a8daf329b92887e404a23d999ff95bc7a9c111476c1753bcf178e384"
  name = "github.com/gliderlabs/ssh"
  packages = ["."]
  pruneopts = "UT"
  revision = "d3a6756290240931faaf90ec97ddd5d9290623d8"
  version = "v0.1.1"

[[projects]]
  branch = "master"
  digest = "1:28c11d33ef294d06a769561f66decea98fe3145e4aeb538b63fb58840e1321e0"
  name = "github.com/ipsn/go-libtor"
  packages = ["."]
  pruneopts = "UT"
  revision = "2ce48b7da4d44d78ca120a35d3da09f0a397d0dd"

[[projects]]
  branch = "master"
  digest = "1:90cfb37b354745b98a9357415cf6e5c5edb52611129d731c8970e9211670823d"
  name = "golang.org/x/crypto"
  packages = [
    "curve25519",
    "ed25519",
    "ed25519/internal/edwards25519",
    "internal/chacha20",
    "internal/subtle",
    "poly1305",
    "sha3",
    "ssh",
  ]
  pruneopts = "UT"
  revision = "3d3f9f413869b949e48070b5bc593aa22cc2b8f2"

[[projects]]
  branch = "master"
  digest = "1:3fa70ba3ba75f47646d2a6ff518f46f3c4a215912eb6f9c26b6e956918038f01"
  name = "golang.org/x/net"
  packages = [
    "internal/socks",
    "proxy",
  ]
  pruneopts = "UT"
  revision = "adae6a3d119ae4890b46832a2e88a95adc62b8e7"

[solve-meta]
  analyzer-name = "dep"
  analyzer-version = 1
  input-imports = [
    "github.com/cretz/bine/control",
    "github.com/cretz/bine/tor",
    "github.com/gliderlabs/ssh",
    "github.com/ipsn/go-libtor",
  ]
  solver-name = "gps-cdcl"
  solver-version = 1
